{
  "name": "esbuild-plugin-shaderity",
  "version": "0.0.2",
  "lockfileVersion": 3,
  "requires": true,
  "packages": {
    "": {
      "name": "esbuild-plugin-shaderity",
      "version": "0.0.2",
      "license": "MIT",
      "dependencies": {
        "shaderity-node": "^0.0.9"
      }
    },
    "node_modules/shaderity-node": {
      "version": "0.0.9",
      "resolved": "https://registry.npmjs.org/shaderity-node/-/shaderity-node-0.0.9.tgz",
      "integrity": "sha512-wMEyVgxem9EWPC+gXMyjFQ8BNQs8gSiaH5ZG+LOOrfe+XLTzPaLrK1fL/n7ptVarjC7B3Gdbptqxh+wDXEoWug==",
      "license": "MIT"
    }
  }
}
