{
  "name": "esbuild-plugin-shaderity",
  "version": "0.0.1",
  "lockfileVersion": 1,
  "requires": true,
  "dependencies": {
    "shaderity-node": {
      "version": "0.0.6",
      "resolved": "https://registry.npmjs.org/shaderity-node/-/shaderity-node-0.0.6.tgz",
      "integrity": "sha512-SBN7sLsDPzq/IGna/d8PFuOU8PxfSIgmue9q6B5OxZUQCmOKkEFReMFadD7QtCWaaoizLGlsFeoVIHWvtOm6kw=="
    }
  }
}
