{
  "name": "esbuild-plugin-shaderity",
  "version": "0.0.3",
  "lockfileVersion": 3,
  "requires": true,
  "packages": {
    "": {
      "name": "esbuild-plugin-shaderity",
      "version": "0.0.3",
      "license": "MIT",
      "dependencies": {
        "shaderity-node": "^0.0.10"
      }
    },
    "node_modules/shaderity-node": {
      "version": "0.0.10",
      "resolved": "https://registry.npmjs.org/shaderity-node/-/shaderity-node-0.0.10.tgz",
      "integrity": "sha512-/ooQYfmM4TUFqIL+IeECqKVFhCjxZ1/CXzJhogHZsGn5OtOOfJ+9C3ACWiKZ0RAT6R855HAuHTxozE2Qtc+wnQ==",
      "license": "MIT"
    }
  }
}
